// !$*UTF8*$!
{
	archiveVersion = 1;
	classes = {
	};
	objectVersion = 52;
	objects = {

/* Begin PBXBuildFile section */
		CA9D2B10257207FC007993A2 /* Main.storyboard in Resources */ = {isa = PBXBuildFile; fileRef = CA9D2B0E257207FC007993A2 /* Main.storyboard */; };
		EA699A9725668D4700A14C75 /* AppDelegate.swift in Sources */ = {isa = PBXBuildFile; fileRef = EA699A9625668D4700A14C75 /* AppDelegate.swift */; };
		EA699A9925668D4700A14C75 /* SceneDelegate.swift in Sources */ = {isa = PBXBuildFile; fileRef = EA699A9825668D4700A14C75 /* SceneDelegate.swift */; };
		EA699A9B25668D4700A14C75 /* LoginViewController.swift in Sources */ = {isa = PBXBuildFile; fileRef = EA699A9A25668D4700A14C75 /* LoginViewController.swift */; };
		EA699AA025668D4B00A14C75 /* Assets.xcassets in Resources */ = {isa = PBXBuildFile; fileRef = EA699A9F25668D4B00A14C75 /* Assets.xcassets */; };
		EA699AA325668D4B00A14C75 /* LaunchScreen.storyboard in Resources */ = {isa = PBXBuildFile; fileRef = EA699AA125668D4B00A14C75 /* LaunchScreen.storyboard */; };
		EA699AAD2566904700A14C75 /* SwiftSoup in Frameworks */ = {isa = PBXBuildFile; productRef = EA699AAC2566904700A14C75 /* SwiftSoup */; };
		EA699AB1256695A800A14C75 /* WebViewController.swift in Sources */ = {isa = PBXBuildFile; fileRef = EA699AB0256695A800A14C75 /* WebViewController.swift */; };
		EA699B2F256D4E9300A14C75 /* LayoutView.swift in Sources */ = {isa = PBXBuildFile; fileRef = EA699B2E256D4E9300A14C75 /* LayoutView.swift */; };
/* End PBXBuildFile section */

/* Begin PBXFileReference section */
		CA9D2B0F257207FC007993A2 /* Base */ = {isa = PBXFileReference; lastKnownFileType = file.storyboard; name = Base; path = Base.lproj/Main.storyboard; sourceTree = "<group>"; };
		EA699A9325668D4700A14C75 /* ParseHTML.app */ = {isa = PBXFileReference; explicitFileType = wrapper.application; includeInIndex = 0; path = ParseHTML.app; sourceTree = BUILT_PRODUCTS_DIR; };
		EA699A9625668D4700A14C75 /* AppDelegate.swift */ = {isa = PBXFileReference; lastKnownFileType = sourcecode.swift; path = AppDelegate.swift; sourceTree = "<group>"; };
		EA699A9825668D4700A14C75 /* SceneDelegate.swift */ = {isa = PBXFileReference; lastKnownFileType = sourcecode.swift; path = SceneDelegate.swift; sourceTree = "<group>"; };
		EA699A9A25668D4700A14C75 /* LoginViewController.swift */ = {isa = PBXFileReference; lastKnownFileType = sourcecode.swift; path = LoginViewController.swift; sourceTree = "<group>"; };
		EA699A9F25668D4B00A14C75 /* Assets.xcassets */ = {isa = PBXFileReference; lastKnownFileType = folder.assetcatalog; path = Assets.xcassets; sourceTree = "<group>"; };
		EA699AA225668D4B00A14C75 /* Base */ = {isa = PBXFileReference; lastKnownFileType = file.storyboard; name = Base; path = Base.lproj/LaunchScreen.storyboard; sourceTree = "<group>"; };
		EA699AA425668D4B00A14C75 /* Info.plist */ = {isa = PBXFileReference; lastKnownFileType = text.plist.xml; path = Info.plist; sourceTree = "<group>"; };
		EA699AB0256695A800A14C75 /* WebViewController.swift */ = {isa = PBXFileReference; lastKnownFileType = sourcecode.swift; path = WebViewController.swift; sourceTree = "<group>"; };
		EA699B2E256D4E9300A14C75 /* LayoutView.swift */ = {isa = PBXFileReference; lastKnownFileType = sourcecode.swift; path = LayoutView.swift; sourceTree = "<group>"; };
/* End PBXFileReference section */

/* Begin PBXFrameworksBuildPhase section */
		EA699A9025668D4700A14C75 /* Frameworks */ = {
			isa = PBXFrameworksBuildPhase;
			buildActionMask = 2147483647;
			files = (
				EA699AAD2566904700A14C75 /* SwiftSoup in Frameworks */,
			);
			runOnlyForDeploymentPostprocessing = 0;
		};
/* End PBXFrameworksBuildPhase section */

/* Begin PBXGroup section */
		EA699A8A25668D4700A14C75 = {
			isa = PBXGroup;
			children = (
				EA699A9525668D4700A14C75 /* ParseHTML */,
				EA699A9425668D4700A14C75 /* Products */,
			);
			sourceTree = "<group>";
		};
		EA699A9425668D4700A14C75 /* Products */ = {
			isa = PBXGroup;
			children = (
				EA699A9325668D4700A14C75 /* ParseHTML.app */,
			);
			name = Products;
			sourceTree = "<group>";
		};
		EA699A9525668D4700A14C75 /* ParseHTML */ = {
			isa = PBXGroup;
			children = (
				EA699A9625668D4700A14C75 /* AppDelegate.swift */,
				EA699A9825668D4700A14C75 /* SceneDelegate.swift */,
				EA699A9A25668D4700A14C75 /* LoginViewController.swift */,
				EA699B2E256D4E9300A14C75 /* LayoutView.swift */,
				CA9D2B0E257207FC007993A2 /* Main.storyboard */,
				EA699AB0256695A800A14C75 /* WebViewController.swift */,
				EA699A9F25668D4B00A14C75 /* Assets.xcassets */,
				EA699AA125668D4B00A14C75 /* LaunchScreen.storyboard */,
				EA699AA425668D4B00A14C75 /* Info.plist */,
			);
			path = ParseHTML;
			sourceTree = "<group>";
		};
/* End PBXGroup section */

/* Begin PBXNativeTarget section */
		EA699A9225668D4700A14C75 /* ParseHTML */ = {
			isa = PBXNativeTarget;
			buildConfigurationList = EA699AA725668D4B00A14C75 /* Build configuration list for PBXNativeTarget "ParseHTML" */;
			buildPhases = (
				EA699A8F25668D4700A14C75 /* Sources */,
				EA699A9025668D4700A14C75 /* Frameworks */,
				EA699A9125668D4700A14C75 /* Resources */,
			);
			buildRules = (
			);
			dependencies = (
			);
			name = ParseHTML;
			packageProductDependencies = (
				EA699AAC2566904700A14C75 /* SwiftSoup */,
			);
			productName = ParseHTML;
			productReference = EA699A9325668D4700A14C75 /* ParseHTML.app */;
			productType = "com.apple.product-type.application";
		};
/* End PBXNativeTarget section */

/* Begin PBXProject section */
		EA699A8B25668D4700A14C75 /* Project object */ = {
			isa = PBXProject;
			attributes = {
				LastSwiftUpdateCheck = 1220;
				LastUpgradeCheck = 1220;
				TargetAttributes = {
					EA699A9225668D4700A14C75 = {
						CreatedOnToolsVersion = 12.2;
					};
				};
			};
			buildConfigurationList = EA699A8E25668D4700A14C75 /* Build configuration list for PBXProject "ParseHTML" */;
			compatibilityVersion = "Xcode 9.3";
			developmentRegion = en;
			hasScannedForEncodings = 0;
			knownRegions = (
				en,
				Base,
			);
			mainGroup = EA699A8A25668D4700A14C75;
			packageReferences = (
				EA699AAB2566904700A14C75 /* XCRemoteSwiftPackageReference "SwiftSoup" */,
			);
			productRefGroup = EA699A9425668D4700A14C75 /* Products */;
			projectDirPath = "";
			projectRoot = "";
			targets = (
				EA699A9225668D4700A14C75 /* ParseHTML */,
			);
		};
/* End PBXProject section */

/* Begin PBXResourcesBuildPhase section */
		EA699A9125668D4700A14C75 /* Resources */ = {
			isa = PBXResourcesBuildPhase;
			buildActionMask = 2147483647;
			files = (
				CA9D2B10257207FC007993A2 /* Main.storyboard in Resources */,
				EA699AA325668D4B00A14C75 /* LaunchScreen.storyboard in Resources */,
				EA699AA025668D4B00A14C75 /* Assets.xcassets in Resources */,
			);
			runOnlyForDeploymentPostprocessing = 0;
		};
/* End PBXResourcesBuildPhase section */

/* Begin PBXSourcesBuildPhase section */
		EA699A8F25668D4700A14C75 /* Sources */ = {
			isa = PBXSourcesBuildPhase;
			buildActionMask = 2147483647;
			files = (
				EA699A9B25668D4700A14C75 /* LoginViewController.swift in Sources */,
				EA699A9725668D4700A14C75 /* AppDelegate.swift in Sources */,
				EA699B2F256D4E9300A14C75 /* LayoutView.swift in Sources */,
				EA699A9925668D4700A14C75 /* SceneDelegate.swift in Sources */,
				EA699AB1256695A800A14C75 /* WebViewController.swift in Sources */,
			);
			runOnlyForDeploymentPostprocessing = 0;
		};
/* End PBXSourcesBuildPhase section */

/* Begin PBXVariantGroup section */
		CA9D2B0E257207FC007993A2 /* Main.storyboard */ = {
			isa = PBXVariantGroup;
			children = (
				CA9D2B0F257207FC007993A2 /* Base */,
			);
			name = Main.storyboard;
			sourceTree = "<group>";
		};
		EA699AA125668D4B00A14C75 /* LaunchScreen.storyboard */ = {
			isa = PBXVariantGroup;
			children = (
				EA699AA225668D4B00A14C75 /* Base */,
			);
			name = LaunchScreen.storyboard;
			sourceTree = "<group>";
		};
/* End PBXVariantGroup section */

/* Begin XCBuildConfiguration section */
		EA699AA525668D4B00A14C75 /* Debug */ = {
			isa = XCBuildConfiguration;
			buildSettings = {
				ALWAYS_SEARCH_USER_PATHS = NO;
				CLANG_ANALYZER_NONNULL = YES;
				CLANG_ANALYZER_NUMBER_OBJECT_CONVERSION = YES_AGGRESSIVE;
				CLANG_CXX_LANGUAGE_STANDARD = "gnu++14";
				CLANG_CXX_LIBRARY = "libc++";
				CLANG_ENABLE_MODULES = YES;
				CLANG_ENABLE_OBJC_ARC = YES;
				CLANG_ENABLE_OBJC_WEAK = YES;
				CLANG_WARN_BLOCK_CAPTURE_AUTORELEASING = YES;
				CLANG_WARN_BOOL_CONVERSION = YES;
				CLANG_WARN_COMMA = YES;
				CLANG_WARN_CONSTANT_CONVERSION = YES;
				CLANG_WARN_DEPRECATED_OBJC_IMPLEMENTATIONS = YES;
				CLANG_WARN_DIRECT_OBJC_ISA_USAGE = YES_ERROR;
				CLANG_WARN_DOCUMENTATION_COMMENTS = YES;
				CLANG_WARN_EMPTY_BODY = YES;
				CLANG_WARN_ENUM_CONVERSION = YES;
				CLANG_WARN_INFINITE_RECURSION = YES;
				CLANG_WARN_INT_CONVERSION = YES;
				CLANG_WARN_NON_LITERAL_NULL_CONVERSION = YES;
				CLANG_WARN_OBJC_IMPLICIT_RETAIN_SELF = YES;
				CLANG_WARN_OBJC_LITERAL_CONVERSION = YES;
				CLANG_WARN_OBJC_ROOT_CLASS = YES_ERROR;
				CLANG_WARN_QUOTED_INCLUDE_IN_FRAMEWORK_HEADER = YES;
				CLANG_WARN_RANGE_LOOP_ANALYSIS = YES;
				CLANG_WARN_STRICT_PROTOTYPES = YES;
				CLANG_WARN_SUSPICIOUS_MOVE = YES;
				CLANG_WARN_UNGUARDED_AVAILABILITY = YES_AGGRESSIVE;
				CLANG_WARN_UNREACHABLE_CODE = YES;
				CLANG_WARN__DUPLICATE_METHOD_MATCH = YES;
				COPY_PHASE_STRIP = NO;
				DEBUG_INFORMATION_FORMAT = dwarf;
				ENABLE_STRICT_OBJC_MSGSEND = YES;
				ENABLE_TESTABILITY = YES;
				GCC_C_LANGUAGE_STANDARD = gnu11;
				GCC_DYNAMIC_NO_PIC = NO;
				GCC_NO_COMMON_BLOCKS = YES;
				GCC_OPTIMIZATION_LEVEL = 0;
				GCC_PREPROCESSOR_DEFINITIONS = (
					"DEBUG=1",
					"$(inherited)",
				);
				GCC_WARN_64_TO_32_BIT_CONVERSION = YES;
				GCC_WARN_ABOUT_RETURN_TYPE = YES_ERROR;
				GCC_WARN_UNDECLARED_SELECTOR = YES;
				GCC_WARN_UNINITIALIZED_AUTOS = YES_AGGRESSIVE;
				GCC_WARN_UNUSED_FUNCTION = YES;
				GCC_WARN_UNUSED_VARIABLE = YES;
				IPHONEOS_DEPLOYMENT_TARGET = 14.2;
				MTL_ENABLE_DEBUG_INFO = INCLUDE_SOURCE;
				MTL_FAST_MATH = YES;
				ONLY_ACTIVE_ARCH = YES;
				SDKROOT = iphoneos;
				SWIFT_ACTIVE_COMPILATION_CONDITIONS = DEBUG;
				SWIFT_OPTIMIZATION_LEVEL = "-Onone";
			};
			name = Debug;
		};
		EA699AA625668D4B00A14C75 /* Release */ = {
			isa = XCBuildConfiguration;
			buildSettings = {
				ALWAYS_SEARCH_USER_PATHS = NO;
				CLANG_ANALYZER_NONNULL = YES;
				CLANG_ANALYZER_NUMBER_OBJECT_CONVERSION = YES_AGGRESSIVE;
				CLANG_CXX_LANGUAGE_STANDARD = "gnu++14";
				CLANG_CXX_LIBRARY = "libc++";
				CLANG_ENABLE_MODULES = YES;
				CLANG_ENABLE_OBJC_ARC = YES;
				CLANG_ENABLE_OBJC_WEAK = YES;
				CLANG_WARN_BLOCK_CAPTURE_AUTORELEASING = YES;
				CLANG_WARN_BOOL_CONVERSION = YES;
				CLANG_WARN_COMMA = YES;
				CLANG_WARN_CONSTANT_CONVERSION = YES;
				CLANG_WARN_DEPRECATED_OBJC_IMPLEMENTATIONS = YES;
				CLANG_WARN_DIRECT_OBJC_ISA_USAGE = YES_ERROR;
				CLANG_WARN_DOCUMENTATION_COMMENTS = YES;
				CLANG_WARN_EMPTY_BODY = YES;
				CLANG_WARN_ENUM_CONVERSION = YES;
				CLANG_WARN_INFINITE_RECURSION = YES;
				CLANG_WARN_INT_CONVERSION = YES;
				CLANG_WARN_NON_LITERAL_NULL_CONVERSION = YES;
				CLANG_WARN_OBJC_IMPLICIT_RETAIN_SELF = YES;
				CLANG_WARN_OBJC_LITERAL_CONVERSION = YES;
				CLANG_WARN_OBJC_ROOT_CLASS = YES_ERROR;
				CLANG_WARN_QUOTED_INCLUDE_IN_FRAMEWORK_HEADER = YES;
				CLANG_WARN_RANGE_LOOP_ANALYSIS = YES;
				CLANG_WARN_STRICT_PROTOTYPES = YES;
				CLANG_WARN_SUSPICIOUS_MOVE = YES;
				CLANG_WARN_UNGUARDED_AVAILABILITY = YES_AGGRESSIVE;
				CLANG_WARN_UNREACHABLE_CODE = YES;
				CLANG_WARN__DUPLICATE_METHOD_MATCH = YES;
				COPY_PHASE_STRIP = NO;
				DEBUG_INFORMATION_FORMAT = "dwarf-with-dsym";
				ENABLE_NS_ASSERTIONS = NO;
				ENABLE_STRICT_OBJC_MSGSEND = YES;
				GCC_C_LANGUAGE_STANDARD = gnu11;
				GCC_NO_COMMON_BLOCKS = YES;
				GCC_WARN_64_TO_32_BIT_CONVERSION = YES;
				GCC_WARN_ABOUT_RETURN_TYPE = YES_ERROR;
				GCC_WARN_UNDECLARED_SELECTOR = YES;
				GCC_WARN_UNINITIALIZED_AUTOS = YES_AGGRESSIVE;
				GCC_WARN_UNUSED_FUNCTION = YES;
				GCC_WARN_UNUSED_VARIABLE = YES;
				IPHONEOS_DEPLOYMENT_TARGET = 14.2;
				MTL_ENABLE_DEBUG_INFO = NO;
				MTL_FAST_MATH = YES;
				SDKROOT = iphoneos;
				SWIFT_COMPILATION_MODE = wholemodule;
				SWIFT_OPTIMIZATION_LEVEL = "-O";
				VALIDATE_PRODUCT = YES;
			};
			name = Release;
		};
		EA699AA825668D4B00A14C75 /* Debug */ = {
			isa = XCBuildConfiguration;
			buildSettings = {
				ASSETCATALOG_COMPILER_APPICON_NAME = AppIcon;
				ASSETCATALOG_COMPILER_GLOBAL_ACCENT_COLOR_NAME = AccentColor;
				CODE_SIGN_STYLE = Automatic;
				DEVELOPMENT_TEAM = HGQ9YZ4HTR;
				INFOPLIST_FILE = ParseHTML/Info.plist;
				IPHONEOS_DEPLOYMENT_TARGET = 13.1;
				LD_RUNPATH_SEARCH_PATHS = (
					"$(inherited)",
					"@executable_path/Frameworks",
				);
				PRODUCT_BUNDLE_IDENTIFIER = com.doyeon.ParseHTML;
				PRODUCT_NAME = "$(TARGET_NAME)";
				SWIFT_VERSION = 5.0;
				TARGETED_DEVICE_FAMILY = 1;
			};
			name = Debug;
		};
		EA699AA925668D4B00A14C75 /* Release */ = {
			isa = XCBuildConfiguration;
			buildSettings = {
				ASSETCATALOG_COMPILER_APPICON_NAME = AppIcon;
				ASSETCATALOG_COMPILER_GLOBAL_ACCENT_COLOR_NAME = AccentColor;
				CODE_SIGN_STYLE = Automatic;
				DEVELOPMENT_TEAM = HGQ9YZ4HTR;
				INFOPLIST_FILE = ParseHTML/Info.plist;
				IPHONEOS_DEPLOYMENT_TARGET = 13.1;
				LD_RUNPATH_SEARCH_PATHS = (
					"$(inherited)",
					"@executable_path/Frameworks",
				);
				PRODUCT_BUNDLE_IDENTIFIER = com.doyeon.ParseHTML;
				PRODUCT_NAME = "$(TARGET_NAME)";
				SWIFT_VERSION = 5.0;
				TARGETED_DEVICE_FAMILY = 1;
			};
			name = Release;
		};
/* End XCBuildConfiguration section */

/* Begin XCConfigurationList section */
		EA699A8E25668D4700A14C75 /* Build configuration list for PBXProject "ParseHTML" */ = {
			isa = XCConfigurationList;
			buildConfigurations = (
				EA699AA525668D4B00A14C75 /* Debug */,
				EA699AA625668D4B00A14C75 /* Release */,
			);
			defaultConfigurationIsVisible = 0;
			defaultConfigurationName = Release;
		};
		EA699AA725668D4B00A14C75 /* Build configuration list for PBXNativeTarget "ParseHTML" */ = {
			isa = XCConfigurationList;
			buildConfigurations = (
				EA699AA825668D4B00A14C75 /* Debug */,
				EA699AA925668D4B00A14C75 /* Release */,
			);
			defaultConfigurationIsVisible = 0;
			defaultConfigurationName = Release;
		};
/* End XCConfigurationList section */

/* Begin XCRemoteSwiftPackageReference section */
		EA699AAB2566904700A14C75 /* XCRemoteSwiftPackageReference "SwiftSoup" */ = {
			isa = XCRemoteSwiftPackageReference;
			repositoryURL = "https://github.com/scinfu/SwiftSoup";
			requirement = {
				kind = upToNextMajorVersion;
				minimumVersion = 2.3.2;
			};
		};
/* End XCRemoteSwiftPackageReference section */

/* Begin XCSwiftPackageProductDependency section */
		EA699AAC2566904700A14C75 /* SwiftSoup */ = {
			isa = XCSwiftPackageProductDependency;
			package = EA699AAB2566904700A14C75 /* XCRemoteSwiftPackageReference "SwiftSoup" */;
			productName = SwiftSoup;
		};
/* End XCSwiftPackageProductDependency section */
	};
	rootObject = EA699A8B25668D4700A14C75 /* Project object */;
}
